
Microsoft Visual Studio Solution File, Format Version 12.00
# Visual Studio 15
Project("{FAE04EC0-301F-11D3-BF4B-00C04F79EFBC}") = "Assembly-CSharp", "Assembly-CSharp.csproj", "{FB20C067-6868-C607-0F85-725B93D8503C}"
EndProject
Global
	GlobalSection(SolutionConfigurationPlatforms) = preSolution
		Debug|Any CPU = Debug|Any CPU
		Release|Any CPU = Release|Any CPU
	EndGlobalSection
	GlobalSection(ProjectConfigurationPlatforms) = postSolution
		{FB20C067-6868-C607-0F85-725B93D8503C}.Debug|Any CPU.ActiveCfg = Debug|Any CPU
		{FB20C067-6868-C607-0F85-725B93D8503C}.Debug|Any CPU.Build.0 = Debug|Any CPU
		{FB20C067-6868-C607-0F85-725B93D8503C}.Release|Any CPU.ActiveCfg = Release|Any CPU
		{FB20C067-6868-C607-0F85-725B93D8503C}.Release|Any CPU.Build.0 = Release|Any CPU
	EndGlobalSection
	GlobalSection(SolutionProperties) = preSolution
		HideSolutionNode = FALSE
	EndGlobalSection
EndGlobal
